
Microsoft Visual Studio Solution File, Format Version 12.00
# Visual Studio 15
VisualStudioVersion = 15.0.27004.2002
MinimumVisualStudioVersion = 10.0.40219.1
Project("{FAE04EC0-301F-11D3-BF4B-00C04F79EFBC}") = "MixRepository", "MixRepository\MixRepository.csproj", "{F4E28E67-1ECF-4AEC-BEA4-4CC3A3227A54}"
EndProject
Project("{FAE04EC0-301F-11D3-BF4B-00C04F79EFBC}") = "MixRepository.Common", "MixRepository.Common\MixRepository.Common.csproj", "{2ACCA323-BE9E-4E78-AA8C-1D7CC2F5E121}"
EndProject
Project("{FAE04EC0-301F-11D3-BF4B-00C04F79EFBC}") = "MixRepository.Test", "MixRepository.Test\MixRepository.Test.csproj", "{F4BB8E5D-5A12-4A13-9D58-17A2F2782EDA}"
EndProject
Global
	GlobalSection(SolutionConfigurationPlatforms) = preSolution
		Debug|Any CPU = Debug|Any CPU
		Release|Any CPU = Release|Any CPU
	EndGlobalSection
	GlobalSection(ProjectConfigurationPlatforms) = postSolution
		{F4E28E67-1ECF-4AEC-BEA4-4CC3A3227A54}.Debug|Any CPU.ActiveCfg = Debug|Any CPU
		{F4E28E67-1ECF-4AEC-BEA4-4CC3A3227A54}.Debug|Any CPU.Build.0 = Debug|Any CPU
		{F4E28E67-1ECF-4AEC-BEA4-4CC3A3227A54}.Release|Any CPU.ActiveCfg = Release|Any CPU
		{F4E28E67-1ECF-4AEC-BEA4-4CC3A3227A54}.Release|Any CPU.Build.0 = Release|Any CPU
		{2ACCA323-BE9E-4E78-AA8C-1D7CC2F5E121}.Debug|Any CPU.ActiveCfg = Debug|Any CPU
		{2ACCA323-BE9E-4E78-AA8C-1D7CC2F5E121}.Debug|Any CPU.Build.0 = Debug|Any CPU
		{2ACCA323-BE9E-4E78-AA8C-1D7CC2F5E121}.Release|Any CPU.ActiveCfg = Release|Any CPU
		{2ACCA323-BE9E-4E78-AA8C-1D7CC2F5E121}.Release|Any CPU.Build.0 = Release|Any CPU
		{F4BB8E5D-5A12-4A13-9D58-17A2F2782EDA}.Debug|Any CPU.ActiveCfg = Debug|Any CPU
		{F4BB8E5D-5A12-4A13-9D58-17A2F2782EDA}.Debug|Any CPU.Build.0 = Debug|Any CPU
		{F4BB8E5D-5A12-4A13-9D58-17A2F2782EDA}.Release|Any CPU.ActiveCfg = Release|Any CPU
		{F4BB8E5D-5A12-4A13-9D58-17A2F2782EDA}.Release|Any CPU.Build.0 = Release|Any CPU
	EndGlobalSection
	GlobalSection(SolutionProperties) = preSolution
		HideSolutionNode = FALSE
	EndGlobalSection
	GlobalSection(ExtensibilityGlobals) = postSolution
		SolutionGuid = {DB45F5B2-95CA-4797-9DA8-E0DE7854E146}
	EndGlobalSection
EndGlobal
